Microsoft Visual Studio Solution File, Format Version 12.00
# Visual Studio Version 17
VisualStudioVersion = 17.5.2.0
MinimumVisualStudioVersion = 10.0.40219.1
Project("{FAE04EC0-301F-11D3-BF4B-00C04F79EFBC}") = "Past Files", "Past Files.csproj", "{F8321B1C-9F62-F55B-F287-ED67B7F98C32}"
EndProject
Global
	GlobalSection(SolutionConfigurationPlatforms) = preSolution
		Debug|Any CPU = Debug|Any CPU
		Release|Any CPU = Release|Any CPU
	EndGlobalSection
	GlobalSection(ProjectConfigurationPlatforms) = postSolution
		{F8321B1C-9F62-F55B-F287-ED67B7F98C32}.Debug|Any CPU.ActiveCfg = Debug|Any CPU
		{F8321B1C-9F62-F55B-F287-ED67B7F98C32}.Debug|Any CPU.Build.0 = Debug|Any CPU
		{F8321B1C-9F62-F55B-F287-ED67B7F98C32}.Release|Any CPU.ActiveCfg = Release|Any CPU
		{F8321B1C-9F62-F55B-F287-ED67B7F98C32}.Release|Any CPU.Build.0 = Release|Any CPU
	EndGlobalSection
	GlobalSection(SolutionProperties) = preSolution
		HideSolutionNode = FALSE
	EndGlobalSection
	GlobalSection(ExtensibilityGlobals) = postSolution
		SolutionGuid = {A88D3A27-F99E-4171-AC60-E72E2957EFDC}
	EndGlobalSection
EndGlobal
